
Microsoft Visual Studio Solution File, Format Version 12.00
# Visual Studio Version 16
VisualStudioVersion = 16.0.29306.81
MinimumVisualStudioVersion = 10.0.40219.1
Project("{2150E333-8FDC-42A3-9474-1A3956D46DE8}") = "1 - Presentation", "1 - Presentation", "{15B3B0D6-0141-455B-ADB4-AC930FF922BA}"
EndProject
Project("{2150E333-8FDC-42A3-9474-1A3956D46DE8}") = "2 - Services", "2 - Services", "{4A444947-2AC6-40E0-97A5-C320826387C8}"
EndProject
Project("{2150E333-8FDC-42A3-9474-1A3956D46DE8}") = "3 - Application", "3 - Application", "{A3E32840-FCA5-45F7-AB44-A0E684ABF44A}"
EndProject
Project("{2150E333-8FDC-42A3-9474-1A3956D46DE8}") = "4 - Infra", "4 - Infra", "{1B492E73-2C8D-40B8-8A27-90B5825CB8C2}"
EndProject
Project("{2150E333-8FDC-42A3-9474-1A3956D46DE8}") = "5 - Domain", "5 - Domain", "{574AA69D-C0A4-495D-BD88-633C9E5FBB74}"
EndProject
Project("{2150E333-8FDC-42A3-9474-1A3956D46DE8}") = "4.1 - Data", "4.1 - Data", "{5A0063DC-E1DD-40D6-B98D-2C0169915105}"
EndProject
Project("{2150E333-8FDC-42A3-9474-1A3956D46DE8}") = "4.2 - CrossCutting", "4.2 - CrossCutting", "{65796811-B7CC-4533-95F4-B8ADD1D34883}"
EndProject
Project("{FAE04EC0-301F-11D3-BF4B-00C04F79EFBC}") = "IC.Domain", "src\IC.Domain\IC.Domain.csproj", "{2C977695-B362-4D36-9696-4904EC266B4A}"
EndProject
Project("{FAE04EC0-301F-11D3-BF4B-00C04F79EFBC}") = "IC.CrossCutting", "src\IC.CrossCutting\IC.CrossCutting.csproj", "{48B7BF18-FA89-4C2F-9EDE-754413A027A8}"
EndProject
Project("{FAE04EC0-301F-11D3-BF4B-00C04F79EFBC}") = "IC.Data", "src\IC.Data\IC.Data.csproj", "{4E75BCAE-871D-4976-9006-B7882AB905B5}"
EndProject
Project("{FAE04EC0-301F-11D3-BF4B-00C04F79EFBC}") = "IC.Application", "src\IC.Application\IC.Application.csproj", "{9F1A0556-3DA4-4277-93D2-2E7427BA8931}"
EndProject
Project("{FAE04EC0-301F-11D3-BF4B-00C04F79EFBC}") = "IC.API", "src\IC.API\IC.API.csproj", "{49B48D56-438F-4BD8-AA5E-DEF979158B07}"
EndProject
Project("{2150E333-8FDC-42A3-9474-1A3956D46DE8}") = "6 - Tests", "6 - Tests", "{C0B69A7C-B8E3-467B-9C6B-6FAFE6584016}"
EndProject
Project("{FAE04EC0-301F-11D3-BF4B-00C04F79EFBC}") = "IC.MVC", "src\IC.MVC\IC.MVC.csproj", "{1F707975-1A8E-4187-B770-62BEF3789292}"
EndProject
Project("{FAE04EC0-301F-11D3-BF4B-00C04F79EFBC}") = "IC.UnitTests", "src\IC.UnitTests\IC.UnitTests.csproj", "{137DF3D8-9CBB-49C6-B487-5E81BD317546}"
EndProject
Global
	GlobalSection(SolutionConfigurationPlatforms) = preSolution
		Debug|Any CPU = Debug|Any CPU
		Release|Any CPU = Release|Any CPU
	EndGlobalSection
	GlobalSection(ProjectConfigurationPlatforms) = postSolution
		{2C977695-B362-4D36-9696-4904EC266B4A}.Debug|Any CPU.ActiveCfg = Debug|Any CPU
		{2C977695-B362-4D36-9696-4904EC266B4A}.Debug|Any CPU.Build.0 = Debug|Any CPU
		{2C977695-B362-4D36-9696-4904EC266B4A}.Release|Any CPU.ActiveCfg = Release|Any CPU
		{2C977695-B362-4D36-9696-4904EC266B4A}.Release|Any CPU.Build.0 = Release|Any CPU
		{48B7BF18-FA89-4C2F-9EDE-754413A027A8}.Debug|Any CPU.ActiveCfg = Debug|Any CPU
		{48B7BF18-FA89-4C2F-9EDE-754413A027A8}.Debug|Any CPU.Build.0 = Debug|Any CPU
		{48B7BF18-FA89-4C2F-9EDE-754413A027A8}.Release|Any CPU.ActiveCfg = Release|Any CPU
		{48B7BF18-FA89-4C2F-9EDE-754413A027A8}.Release|Any CPU.Build.0 = Release|Any CPU
		{4E75BCAE-871D-4976-9006-B7882AB905B5}.Debug|Any CPU.ActiveCfg = Debug|Any CPU
		{4E75BCAE-871D-4976-9006-B7882AB905B5}.Debug|Any CPU.Build.0 = Debug|Any CPU
		{4E75BCAE-871D-4976-9006-B7882AB905B5}.Release|Any CPU.ActiveCfg = Release|Any CPU
		{4E75BCAE-871D-4976-9006-B7882AB905B5}.Release|Any CPU.Build.0 = Release|Any CPU
		{9F1A0556-3DA4-4277-93D2-2E7427BA8931}.Debug|Any CPU.ActiveCfg = Debug|Any CPU
		{9F1A0556-3DA4-4277-93D2-2E7427BA8931}.Debug|Any CPU.Build.0 = Debug|Any CPU
		{9F1A0556-3DA4-4277-93D2-2E7427BA8931}.Release|Any CPU.ActiveCfg = Release|Any CPU
		{9F1A0556-3DA4-4277-93D2-2E7427BA8931}.Release|Any CPU.Build.0 = Release|Any CPU
		{49B48D56-438F-4BD8-AA5E-DEF979158B07}.Debug|Any CPU.ActiveCfg = Debug|Any CPU
		{49B48D56-438F-4BD8-AA5E-DEF979158B07}.Debug|Any CPU.Build.0 = Debug|Any CPU
		{49B48D56-438F-4BD8-AA5E-DEF979158B07}.Release|Any CPU.ActiveCfg = Release|Any CPU
		{49B48D56-438F-4BD8-AA5E-DEF979158B07}.Release|Any CPU.Build.0 = Release|Any CPU
		{1F707975-1A8E-4187-B770-62BEF3789292}.Debug|Any CPU.ActiveCfg = Debug|Any CPU
		{1F707975-1A8E-4187-B770-62BEF3789292}.Debug|Any CPU.Build.0 = Debug|Any CPU
		{1F707975-1A8E-4187-B770-62BEF3789292}.Release|Any CPU.ActiveCfg = Release|Any CPU
		{1F707975-1A8E-4187-B770-62BEF3789292}.Release|Any CPU.Build.0 = Release|Any CPU
		{137DF3D8-9CBB-49C6-B487-5E81BD317546}.Debug|Any CPU.ActiveCfg = Debug|Any CPU
		{137DF3D8-9CBB-49C6-B487-5E81BD317546}.Debug|Any CPU.Build.0 = Debug|Any CPU
		{137DF3D8-9CBB-49C6-B487-5E81BD317546}.Release|Any CPU.ActiveCfg = Release|Any CPU
		{137DF3D8-9CBB-49C6-B487-5E81BD317546}.Release|Any CPU.Build.0 = Release|Any CPU
	EndGlobalSection
	GlobalSection(SolutionProperties) = preSolution
		HideSolutionNode = FALSE
	EndGlobalSection
	GlobalSection(NestedProjects) = preSolution
		{5A0063DC-E1DD-40D6-B98D-2C0169915105} = {1B492E73-2C8D-40B8-8A27-90B5825CB8C2}
		{65796811-B7CC-4533-95F4-B8ADD1D34883} = {1B492E73-2C8D-40B8-8A27-90B5825CB8C2}
		{2C977695-B362-4D36-9696-4904EC266B4A} = {574AA69D-C0A4-495D-BD88-633C9E5FBB74}
		{48B7BF18-FA89-4C2F-9EDE-754413A027A8} = {65796811-B7CC-4533-95F4-B8ADD1D34883}
		{4E75BCAE-871D-4976-9006-B7882AB905B5} = {5A0063DC-E1DD-40D6-B98D-2C0169915105}
		{9F1A0556-3DA4-4277-93D2-2E7427BA8931} = {A3E32840-FCA5-45F7-AB44-A0E684ABF44A}
		{49B48D56-438F-4BD8-AA5E-DEF979158B07} = {4A444947-2AC6-40E0-97A5-C320826387C8}
		{1F707975-1A8E-4187-B770-62BEF3789292} = {15B3B0D6-0141-455B-ADB4-AC930FF922BA}
		{137DF3D8-9CBB-49C6-B487-5E81BD317546} = {C0B69A7C-B8E3-467B-9C6B-6FAFE6584016}
	EndGlobalSection
	GlobalSection(ExtensibilityGlobals) = postSolution
		SolutionGuid = {E995B8C8-1022-4B10-B7EF-CE894D4CE752}
	EndGlobalSection
EndGlobal
